{
  "originHash" : "e195e5092883934b5de660ae5606f0a6ef31bbb0c93992ae4b080038d03c3b35",
  "pins" : [
    {
      "identity" : "sparkle",
      "kind" : "remoteSourceControl",
      "location" : "https://github.com/sparkle-project/Sparkle.git",
      "state" : {
        "revision" : "ac2def288cbff5cfc7df3ffef6abdf45b72bcb0a",
        "version" : "2.9.6"
      }
    },
    {
      "identity" : "webrtc-xcframework",
      "kind" : "remoteSourceControl",
      "location" : "https://github.com/livekit/webrtc-xcframework.git",
      "state" : {
        "revision" : "883f7f39f0733be564eb033d7fa6ce10960f7b7e",
        "version" : "144.7559.10"
      }
    }
  ],
  "version" : 3
}
